// !$*UTF8*$!
{
	archiveVersion = 1;
	classes = {
	};
	objectVersion = 46;
	objects = {

/* Begin PBXBuildFile section */
		808C23A114813EB300737363 /* Default~ipad.png in Resources */ = {isa = PBXBuildFile; fileRef = 808C23A014813EB300737363 /* Default~ipad.png */; };
		808C23A814813F4900737363 /* bounce.wav in Resources */ = {isa = PBXBuildFile; fileRef = 808C23A314813F4900737363 /* bounce.wav */; };
		808C23A914813F4900737363 /* clank.wav in Resources */ = {isa = PBXBuildFile; fileRef = 808C23A414813F4900737363 /* clank.wav */; };
		808C23AA14813F4900737363 /* dock.wav in Resources */ = {isa = PBXBuildFile; fileRef = 808C23A514813F4900737363 /* dock.wav */; };
		808C23AB14813F4900737363 /* explode.wav in Resources */ = {isa = PBXBuildFile; fileRef = 808C23A614813F4900737363 /* explode.wav */; };
		808C23AC14813F4900737363 /* rotate.wav in Resources */ = {isa = PBXBuildFile; fileRef = 808C23A714813F4900737363 /* rotate.wav */; };
		808C23AF1481402F00737363 /* SoundPlug.m in Sources */ = {isa = PBXBuildFile; fileRef = 808C23AE1481402F00737363 /* SoundPlug.m */; };
		80CC0DBF14813B15002E7ED1 /* Foundation.framework in Frameworks */ = {isa = PBXBuildFile; fileRef = 80CC0DBE14813B15002E7ED1 /* Foundation.framework */; };
		80CC0DC114813B15002E7ED1 /* UIKit.framework in Frameworks */ = {isa = PBXBuildFile; fileRef = 80CC0DC014813B15002E7ED1 /* UIKit.framework */; };
		80CC0DC314813B15002E7ED1 /* CoreGraphics.framework in Frameworks */ = {isa = PBXBuildFile; fileRef = 80CC0DC214813B15002E7ED1 /* CoreGraphics.framework */; };
		80CC0DC514813B15002E7ED1 /* AddressBook.framework in Frameworks */ = {isa = PBXBuildFile; fileRef = 80CC0DC414813B15002E7ED1 /* AddressBook.framework */; };
		80CC0DC714813B15002E7ED1 /* AddressBookUI.framework in Frameworks */ = {isa = PBXBuildFile; fileRef = 80CC0DC614813B15002E7ED1 /* AddressBookUI.framework */; };
		80CC0DC914813B15002E7ED1 /* AudioToolbox.framework in Frameworks */ = {isa = PBXBuildFile; fileRef = 80CC0DC814813B15002E7ED1 /* AudioToolbox.framework */; };
		80CC0DCB14813B15002E7ED1 /* AVFoundation.framework in Frameworks */ = {isa = PBXBuildFile; fileRef = 80CC0DCA14813B15002E7ED1 /* AVFoundation.framework */; };
		80CC0DCD14813B15002E7ED1 /* CoreLocation.framework in Frameworks */ = {isa = PBXBuildFile; fileRef = 80CC0DCC14813B15002E7ED1 /* CoreLocation.framework */; };
		80CC0DCF14813B15002E7ED1 /* MediaPlayer.framework in Frameworks */ = {isa = PBXBuildFile; fileRef = 80CC0DCE14813B15002E7ED1 /* MediaPlayer.framework */; };
		80CC0DD114813B15002E7ED1 /* QuartzCore.framework in Frameworks */ = {isa = PBXBuildFile; fileRef = 80CC0DD014813B15002E7ED1 /* QuartzCore.framework */; };
		80CC0DD314813B15002E7ED1 /* SystemConfiguration.framework in Frameworks */ = {isa = PBXBuildFile; fileRef = 80CC0DD214813B15002E7ED1 /* SystemConfiguration.framework */; };
		80CC0DD514813B15002E7ED1 /* MobileCoreServices.framework in Frameworks */ = {isa = PBXBuildFile; fileRef = 80CC0DD414813B15002E7ED1 /* MobileCoreServices.framework */; };
		80CC0DD714813B15002E7ED1 /* CoreMedia.framework in Frameworks */ = {isa = PBXBuildFile; fileRef = 80CC0DD614813B15002E7ED1 /* CoreMedia.framework */; };
		80CC0DDF14813B15002E7ED1 /* main.m in Sources */ = {isa = PBXBuildFile; fileRef = 80CC0DDE14813B15002E7ED1 /* main.m */; };
		80CC0DE214813B15002E7ED1 /* PhoneGap.framework in Frameworks */ = {isa = PBXBuildFile; fileRef = 80CC0DE114813B15002E7ED1 /* PhoneGap.framework */; };
		80CC0DF214813B15002E7ED1 /* icon-72.png in Resources */ = {isa = PBXBuildFile; fileRef = 80CC0DF114813B15002E7ED1 /* icon-72.png */; };
		80CC0DFB14813B16002E7ED1 /* PhoneGap.plist in Resources */ = {isa = PBXBuildFile; fileRef = 80CC0DFA14813B16002E7ED1 /* PhoneGap.plist */; };
		80CC0DFF14813B16002E7ED1 /* AppDelegate.m in Sources */ = {isa = PBXBuildFile; fileRef = 80CC0DFE14813B16002E7ED1 /* AppDelegate.m */; };
		80CC0E0814813D6E002E7ED1 /* www in Resources */ = {isa = PBXBuildFile; fileRef = 80CC0E0714813D6E002E7ED1 /* www */; };
/* End PBXBuildFile section */

/* Begin PBXFileReference section */
		808C23A014813EB300737363 /* Default~ipad.png */ = {isa = PBXFileReference; lastKnownFileType = image.png; name = "Default~ipad.png"; path = "Resources/splash/Default~ipad.png"; sourceTree = "<group>"; };
		808C23A314813F4900737363 /* bounce.wav */ = {isa = PBXFileReference; lastKnownFileType = audio.wav; name = bounce.wav; path = Resources/bounce.wav; sourceTree = "<group>"; };
		808C23A414813F4900737363 /* clank.wav */ = {isa = PBXFileReference; lastKnownFileType = audio.wav; name = clank.wav; path = Resources/clank.wav; sourceTree = "<group>"; };
		808C23A514813F4900737363 /* dock.wav */ = {isa = PBXFileReference; lastKnownFileType = audio.wav; name = dock.wav; path = Resources/dock.wav; sourceTree = "<group>"; };
		808C23A614813F4900737363 /* explode.wav */ = {isa = PBXFileReference; lastKnownFileType = audio.wav; name = explode.wav; path = Resources/explode.wav; sourceTree = "<group>"; };
		808C23A714813F4900737363 /* rotate.wav */ = {isa = PBXFileReference; lastKnownFileType = audio.wav; name = rotate.wav; path = Resources/rotate.wav; sourceTree = "<group>"; };
		808C23AD1481402F00737363 /* SoundPlug.h */ = {isa = PBXFileReference; fileEncoding = 4; lastKnownFileType = sourcecode.c.h; name = SoundPlug.h; path = Plugins/SoundPlug.h; sourceTree = "<group>"; };
		808C23AE1481402F00737363 /* SoundPlug.m */ = {isa = PBXFileReference; fileEncoding = 4; lastKnownFileType = sourcecode.c.objc; name = SoundPlug.m; path = Plugins/SoundPlug.m; sourceTree = "<group>"; };
		80CC0DBA14813B15002E7ED1 /* OrbiumHD.app */ = {isa = PBXFileReference; explicitFileType = wrapper.application; includeInIndex = 0; path = OrbiumHD.app; sourceTree = BUILT_PRODUCTS_DIR; };
		80CC0DBE14813B15002E7ED1 /* Foundation.framework */ = {isa = PBXFileReference; lastKnownFileType = wrapper.framework; name = Foundation.framework; path = System/Library/Frameworks/Foundation.framework; sourceTree = SDKROOT; };
		80CC0DC014813B15002E7ED1 /* UIKit.framework */ = {isa = PBXFileReference; lastKnownFileType = wrapper.framework; name = UIKit.framework; path = System/Library/Frameworks/UIKit.framework; sourceTree = SDKROOT; };
		80CC0DC214813B15002E7ED1 /* CoreGraphics.framework */ = {isa = PBXFileReference; lastKnownFileType = wrapper.framework; name = CoreGraphics.framework; path = System/Library/Frameworks/CoreGraphics.framework; sourceTree = SDKROOT; };
		80CC0DC414813B15002E7ED1 /* AddressBook.framework */ = {isa = PBXFileReference; lastKnownFileType = wrapper.framework; name = AddressBook.framework; path = System/Library/Frameworks/AddressBook.framework; sourceTree = SDKROOT; };
		80CC0DC614813B15002E7ED1 /* AddressBookUI.framework */ = {isa = PBXFileReference; lastKnownFileType = wrapper.framework; name = AddressBookUI.framework; path = System/Library/Frameworks/AddressBookUI.framework; sourceTree = SDKROOT; };
		80CC0DC814813B15002E7ED1 /* AudioToolbox.framework */ = {isa = PBXFileReference; lastKnownFileType = wrapper.framework; name = AudioToolbox.framework; path = System/Library/Frameworks/AudioToolbox.framework; sourceTree = SDKROOT; };
		80CC0DCA14813B15002E7ED1 /* AVFoundation.framework */ = {isa = PBXFileReference; lastKnownFileType = wrapper.framework; name = AVFoundation.framework; path = System/Library/Frameworks/AVFoundation.framework; sourceTree = SDKROOT; };
		80CC0DCC14813B15002E7ED1 /* CoreLocation.framework */ = {isa = PBXFileReference; lastKnownFileType = wrapper.framework; name = CoreLocation.framework; path = System/Library/Frameworks/CoreLocation.framework; sourceTree = SDKROOT; };
		80CC0DCE14813B15002E7ED1 /* MediaPlayer.framework */ = {isa = PBXFileReference; lastKnownFileType = wrapper.framework; name = MediaPlayer.framework; path = System/Library/Frameworks/MediaPlayer.framework; sourceTree = SDKROOT; };
		80CC0DD014813B15002E7ED1 /* QuartzCore.framework */ = {isa = PBXFileReference; lastKnownFileType = wrapper.framework; name = QuartzCore.framework; path = System/Library/Frameworks/QuartzCore.framework; sourceTree = SDKROOT; };
		80CC0DD214813B15002E7ED1 /* SystemConfiguration.framework */ = {isa = PBXFileReference; lastKnownFileType = wrapper.framework; name = SystemConfiguration.framework; path = System/Library/Frameworks/SystemConfiguration.framework; sourceTree = SDKROOT; };
		80CC0DD414813B15002E7ED1 /* MobileCoreServices.framework */ = {isa = PBXFileReference; lastKnownFileType = wrapper.framework; name = MobileCoreServices.framework; path = System/Library/Frameworks/MobileCoreServices.framework; sourceTree = SDKROOT; };
		80CC0DD614813B15002E7ED1 /* CoreMedia.framework */ = {isa = PBXFileReference; lastKnownFileType = wrapper.framework; name = CoreMedia.framework; path = System/Library/Frameworks/CoreMedia.framework; sourceTree = SDKROOT; };
		80CC0DDA14813B15002E7ED1 /* OrbiumHD-Info.plist */ = {isa = PBXFileReference; lastKnownFileType = text.plist.xml; path = "OrbiumHD-Info.plist"; sourceTree = "<group>"; };
		80CC0DDE14813B15002E7ED1 /* main.m */ = {isa = PBXFileReference; lastKnownFileType = sourcecode.c.objc; path = main.m; sourceTree = "<group>"; };
		80CC0DE014813B15002E7ED1 /* OrbiumHD-Prefix.pch */ = {isa = PBXFileReference; lastKnownFileType = sourcecode.c.h; path = "OrbiumHD-Prefix.pch"; sourceTree = "<group>"; };
		80CC0DE114813B15002E7ED1 /* PhoneGap.framework */ = {isa = PBXFileReference; lastKnownFileType = wrapper.framework; name = PhoneGap.framework; path = /Users/Shared/PhoneGap/Frameworks/PhoneGap.framework; sourceTree = "<absolute>"; };
		80CC0DF114813B15002E7ED1 /* icon-72.png */ = {isa = PBXFileReference; lastKnownFileType = image.png; name = "icon-72.png"; path = "Resources/icons/icon-72.png"; sourceTree = "<group>"; };
		80CC0DFA14813B16002E7ED1 /* PhoneGap.plist */ = {isa = PBXFileReference; lastKnownFileType = text.plist.xml; path = PhoneGap.plist; sourceTree = "<group>"; };
		80CC0DFD14813B16002E7ED1 /* AppDelegate.h */ = {isa = PBXFileReference; lastKnownFileType = sourcecode.c.h; name = AppDelegate.h; path = Classes/AppDelegate.h; sourceTree = "<group>"; };
		80CC0DFE14813B16002E7ED1 /* AppDelegate.m */ = {isa = PBXFileReference; lastKnownFileType = sourcecode.c.objc; name = AppDelegate.m; path = Classes/AppDelegate.m; sourceTree = "<group>"; };
		80CC0E0714813D6E002E7ED1 /* www */ = {isa = PBXFileReference; lastKnownFileType = folder; path = www; sourceTree = "<group>"; };
/* End PBXFileReference section */

/* Begin PBXFrameworksBuildPhase section */
		80CC0DB414813B15002E7ED1 /* Frameworks */ = {
			isa = PBXFrameworksBuildPhase;
			buildActionMask = 2147483647;
			files = (
				80CC0DBF14813B15002E7ED1 /* Foundation.framework in Frameworks */,
				80CC0DC114813B15002E7ED1 /* UIKit.framework in Frameworks */,
				80CC0DC314813B15002E7ED1 /* CoreGraphics.framework in Frameworks */,
				80CC0DC514813B15002E7ED1 /* AddressBook.framework in Frameworks */,
				80CC0DC714813B15002E7ED1 /* AddressBookUI.framework in Frameworks */,
				80CC0DC914813B15002E7ED1 /* AudioToolbox.framework in Frameworks */,
				80CC0DCB14813B15002E7ED1 /* AVFoundation.framework in Frameworks */,
				80CC0DCD14813B15002E7ED1 /* CoreLocation.framework in Frameworks */,
				80CC0DCF14813B15002E7ED1 /* MediaPlayer.framework in Frameworks */,
				80CC0DD114813B15002E7ED1 /* QuartzCore.framework in Frameworks */,
				80CC0DD314813B15002E7ED1 /* SystemConfiguration.framework in Frameworks */,
				80CC0DD514813B15002E7ED1 /* MobileCoreServices.framework in Frameworks */,
				80CC0DD714813B15002E7ED1 /* CoreMedia.framework in Frameworks */,
				80CC0DE214813B15002E7ED1 /* PhoneGap.framework in Frameworks */,
			);
			runOnlyForDeploymentPostprocessing = 0;
		};
		80CC0DB714813B15002E7ED1 /* Frameworks */ = {
			isa = PBXFrameworksBuildPhase;
			buildActionMask = 2147483647;
			files = (
			);
			runOnlyForDeploymentPostprocessing = 0;
		};
/* End PBXFrameworksBuildPhase section */

/* Begin PBXGroup section */
		80CC0DAC14813B15002E7ED1 = {
			isa = PBXGroup;
			children = (
				80CC0E0714813D6E002E7ED1 /* www */,
				80CC0DD814813B15002E7ED1 /* Orbium */,
				80CC0DBD14813B15002E7ED1 /* Frameworks */,
				80CC0DBB14813B15002E7ED1 /* Products */,
			);
			sourceTree = "<group>";
		};
		80CC0DBB14813B15002E7ED1 /* Products */ = {
			isa = PBXGroup;
			children = (
				80CC0DBA14813B15002E7ED1 /* OrbiumHD.app */,
			);
			name = Products;
			sourceTree = "<group>";
		};
		80CC0DBD14813B15002E7ED1 /* Frameworks */ = {
			isa = PBXGroup;
			children = (
				80CC0DBE14813B15002E7ED1 /* Foundation.framework */,
				80CC0DC014813B15002E7ED1 /* UIKit.framework */,
				80CC0DC214813B15002E7ED1 /* CoreGraphics.framework */,
				80CC0DC414813B15002E7ED1 /* AddressBook.framework */,
				80CC0DC614813B15002E7ED1 /* AddressBookUI.framework */,
				80CC0DC814813B15002E7ED1 /* AudioToolbox.framework */,
				80CC0DCA14813B15002E7ED1 /* AVFoundation.framework */,
				80CC0DCC14813B15002E7ED1 /* CoreLocation.framework */,
				80CC0DCE14813B15002E7ED1 /* MediaPlayer.framework */,
				80CC0DD014813B15002E7ED1 /* QuartzCore.framework */,
				80CC0DD214813B15002E7ED1 /* SystemConfiguration.framework */,
				80CC0DD414813B15002E7ED1 /* MobileCoreServices.framework */,
				80CC0DD614813B15002E7ED1 /* CoreMedia.framework */,
			);
			name = Frameworks;
			sourceTree = "<group>";
		};
		80CC0DD814813B15002E7ED1 /* Orbium */ = {
			isa = PBXGroup;
			children = (
				80CC0DE114813B15002E7ED1 /* PhoneGap.framework */,
				80CC0DE314813B15002E7ED1 /* Resources */,
				80CC0DFC14813B16002E7ED1 /* Classes */,
				80CC0E0014813B16002E7ED1 /* Plugins */,
				80CC0DD914813B15002E7ED1 /* Supporting Files */,
			);
			path = Orbium;
			sourceTree = "<group>";
		};
		80CC0DD914813B15002E7ED1 /* Supporting Files */ = {
			isa = PBXGroup;
			children = (
				80CC0DDA14813B15002E7ED1 /* OrbiumHD-Info.plist */,
				80CC0DDE14813B15002E7ED1 /* main.m */,
				80CC0DE014813B15002E7ED1 /* OrbiumHD-Prefix.pch */,
				80CC0DFA14813B16002E7ED1 /* PhoneGap.plist */,
			);
			name = "Supporting Files";
			sourceTree = "<group>";
		};
		80CC0DE314813B15002E7ED1 /* Resources */ = {
			isa = PBXGroup;
			children = (
				808C23A314813F4900737363 /* bounce.wav */,
				808C23A414813F4900737363 /* clank.wav */,
				808C23A514813F4900737363 /* dock.wav */,
				808C23A614813F4900737363 /* explode.wav */,
				808C23A714813F4900737363 /* rotate.wav */,
				80CC0DEC14813B15002E7ED1 /* icons */,
				80CC0DF314813B15002E7ED1 /* splash */,
			);
			name = Resources;
			sourceTree = "<group>";
		};
		80CC0DEC14813B15002E7ED1 /* icons */ = {
			isa = PBXGroup;
			children = (
				80CC0DF114813B15002E7ED1 /* icon-72.png */,
			);
			name = icons;
			sourceTree = "<group>";
		};
		80CC0DF314813B15002E7ED1 /* splash */ = {
			isa = PBXGroup;
			children = (
				808C23A014813EB300737363 /* Default~ipad.png */,
			);
			name = splash;
			sourceTree = "<group>";
		};
		80CC0DFC14813B16002E7ED1 /* Classes */ = {
			isa = PBXGroup;
			children = (
				80CC0DFD14813B16002E7ED1 /* AppDelegate.h */,
				80CC0DFE14813B16002E7ED1 /* AppDelegate.m */,
			);
			name = Classes;
			sourceTree = "<group>";
		};
		80CC0E0014813B16002E7ED1 /* Plugins */ = {
			isa = PBXGroup;
			children = (
				808C23AD1481402F00737363 /* SoundPlug.h */,
				808C23AE1481402F00737363 /* SoundPlug.m */,
			);
			name = Plugins;
			sourceTree = "<group>";
		};
/* End PBXGroup section */

/* Begin PBXNativeTarget section */
		80CC0DB914813B15002E7ED1 /* OrbiumHD */ = {
			isa = PBXNativeTarget;
			buildConfigurationList = 80CC0E0414813B16002E7ED1 /* Build configuration list for PBXNativeTarget "OrbiumHD" */;
			buildPhases = (
				80CC0DB314813B15002E7ED1 /* Sources */,
				80CC0DB414813B15002E7ED1 /* Frameworks */,
				80CC0DB514813B15002E7ED1 /* Resources */,
				80CC0DB614813B15002E7ED1 /* Sources */,
				80CC0DB714813B15002E7ED1 /* Frameworks */,
				80CC0DB814813B15002E7ED1 /* ShellScript */,
			);
			buildRules = (
			);
			dependencies = (
			);
			name = OrbiumHD;
			productName = Orbium;
			productReference = 80CC0DBA14813B15002E7ED1 /* OrbiumHD.app */;
			productType = "com.apple.product-type.application";
		};
/* End PBXNativeTarget section */

/* Begin PBXProject section */
		80CC0DAE14813B15002E7ED1 /* Project object */ = {
			isa = PBXProject;
			attributes = {
				LastUpgradeCheck = 0420;
			};
			buildConfigurationList = 80CC0DB114813B15002E7ED1 /* Build configuration list for PBXProject "OrbiumHD" */;
			compatibilityVersion = "Xcode 3.2";
			developmentRegion = English;
			hasScannedForEncodings = 0;
			knownRegions = (
				en,
				es,
			);
			mainGroup = 80CC0DAC14813B15002E7ED1;
			productRefGroup = 80CC0DBB14813B15002E7ED1 /* Products */;
			projectDirPath = "";
			projectRoot = "";
			targets = (
				80CC0DB914813B15002E7ED1 /* OrbiumHD */,
			);
		};
/* End PBXProject section */

/* Begin PBXResourcesBuildPhase section */
		80CC0DB514813B15002E7ED1 /* Resources */ = {
			isa = PBXResourcesBuildPhase;
			buildActionMask = 2147483647;
			files = (
				80CC0DF214813B15002E7ED1 /* icon-72.png in Resources */,
				80CC0DFB14813B16002E7ED1 /* PhoneGap.plist in Resources */,
				80CC0E0814813D6E002E7ED1 /* www in Resources */,
				808C23A114813EB300737363 /* Default~ipad.png in Resources */,
				808C23A814813F4900737363 /* bounce.wav in Resources */,
				808C23A914813F4900737363 /* clank.wav in Resources */,
				808C23AA14813F4900737363 /* dock.wav in Resources */,
				808C23AB14813F4900737363 /* explode.wav in Resources */,
				808C23AC14813F4900737363 /* rotate.wav in Resources */,
			);
			runOnlyForDeploymentPostprocessing = 0;
		};
/* End PBXResourcesBuildPhase section */

/* Begin PBXShellScriptBuildPhase section */
		80CC0DB814813B15002E7ED1 /* ShellScript */ = {
			isa = PBXShellScriptBuildPhase;
			buildActionMask = 2147483647;
			files = (
			);
			inputPaths = (
			);
			outputPaths = (
			);
			runOnlyForDeploymentPostprocessing = 0;
			shellPath = /bin/bash;
			shellScript = "\n\t\t\t\t\t\t\t\tif [ ! -d \"$PROJECT_DIR/www\" ] ; then\n\t\t\t\t\t\t\t\t\tcp -R /Users/Shared/PhoneGap/Frameworks/PhoneGap.framework/www \"$PROJECT_DIR\"\n\t\t\t\t\t\t\t\tfi\n\t\t\t\t\t\t\t\t# detect www folder reference in project, if missing, print warning\n\t\t\t\t\t\t\t\tgrep \"{isa = PBXFileReference; lastKnownFileType = folder; path = www; sourceTree = \\\"<group>\\\"; };\" \"$PROJECT_DIR/$PROJECT_NAME.xcodeproj/project.pbxproj\"\n\t\t\t\t\t\t\t\trc=$? \n\t\t\t\t\t\t\t\tif [ $rc != 0 ] ; then\n\t\t\t\t\t\t\t\techo -e \"warning: Missing - Add $PROJECT_DIR/www as a folder reference in your project. Just drag and drop the folder into your project, into the Project Navigator of Xcode 4. Make sure you select the second radio-button: 'Create folder references for any added folders' (which will create a blue folder)\" 1>&2\n\t\t\t\t\t\t\t\tfi\t\t\t\t\t\t\t";
		};
/* End PBXShellScriptBuildPhase section */

/* Begin PBXSourcesBuildPhase section */
		80CC0DB314813B15002E7ED1 /* Sources */ = {
			isa = PBXSourcesBuildPhase;
			buildActionMask = 2147483647;
			files = (
				80CC0DDF14813B15002E7ED1 /* main.m in Sources */,
				80CC0DFF14813B16002E7ED1 /* AppDelegate.m in Sources */,
				808C23AF1481402F00737363 /* SoundPlug.m in Sources */,
			);
			runOnlyForDeploymentPostprocessing = 0;
		};
		80CC0DB614813B15002E7ED1 /* Sources */ = {
			isa = PBXSourcesBuildPhase;
			buildActionMask = 2147483647;
			files = (
			);
			runOnlyForDeploymentPostprocessing = 0;
		};
/* End PBXSourcesBuildPhase section */

/* Begin XCBuildConfiguration section */
		80CC0E0214813B16002E7ED1 /* Debug */ = {
			isa = XCBuildConfiguration;
			buildSettings = {
				ALWAYS_SEARCH_USER_PATHS = NO;
				ARCHS = "$(ARCHS_STANDARD_32_BIT)";
				CLANG_ENABLE_OBJC_ARC = YES;
				"CODE_SIGN_IDENTITY[sdk=iphoneos*]" = "iPhone Developer";
				COPY_PHASE_STRIP = NO;
				GCC_C_LANGUAGE_STANDARD = gnu99;
				GCC_DYNAMIC_NO_PIC = NO;
				GCC_OPTIMIZATION_LEVEL = 0;
				GCC_PREPROCESSOR_DEFINITIONS = (
					"DEBUG=1",
					"$(inherited)",
				);
				GCC_SYMBOLS_PRIVATE_EXTERN = NO;
				GCC_VERSION = com.apple.compilers.llvmgcc42;
				GCC_WARN_ABOUT_MISSING_PROTOTYPES = YES;
				GCC_WARN_ABOUT_RETURN_TYPE = YES;
				GCC_WARN_UNUSED_VARIABLE = YES;
				IPHONEOS_DEPLOYMENT_TARGET = 3.0;
				SDKROOT = iphoneos;
			};
			name = Debug;
		};
		80CC0E0314813B16002E7ED1 /* Release */ = {
			isa = XCBuildConfiguration;
			buildSettings = {
				ALWAYS_SEARCH_USER_PATHS = NO;
				ARCHS = "$(ARCHS_STANDARD_32_BIT)";
				CLANG_ENABLE_OBJC_ARC = YES;
				"CODE_SIGN_IDENTITY[sdk=iphoneos*]" = "iPhone Developer";
				COPY_PHASE_STRIP = YES;
				GCC_C_LANGUAGE_STANDARD = gnu99;
				GCC_VERSION = com.apple.compilers.llvmgcc42;
				GCC_WARN_ABOUT_MISSING_PROTOTYPES = YES;
				GCC_WARN_ABOUT_RETURN_TYPE = YES;
				GCC_WARN_UNUSED_VARIABLE = YES;
				IPHONEOS_DEPLOYMENT_TARGET = 3.0;
				SDKROOT = iphoneos;
				VALIDATE_PRODUCT = YES;
			};
			name = Release;
		};
		80CC0E0514813B16002E7ED1 /* Debug */ = {
			isa = XCBuildConfiguration;
			buildSettings = {
				ALWAYS_SEARCH_USER_PATHS = YES;
				COPY_PHASE_STRIP = NO;
				FRAMEWORK_SEARCH_PATHS = /Users/Shared/PhoneGap/Frameworks;
				GCC_DYNAMIC_NO_PIC = NO;
				GCC_PRECOMPILE_PREFIX_HEADER = YES;
				GCC_PREFIX_HEADER = "Orbium/OrbiumHD-Prefix.pch";
				GCC_PREPROCESSOR_DEFINITIONS = "PHONEGAP_FRAMEWORK=YES";
				INFOPLIST_FILE = "Orbium/OrbiumHD-Info.plist";
				IPHONEOS_DEPLOYMENT_TARGET = 4.0;
				OTHER_LDFLAGS = (
					"-weak_framework",
					UIKit,
					"-weak_framework",
					AVFoundation,
					"-weak_framework",
					CoreMedia,
					"-weak_library",
					/usr/lib/libSystem.B.dylib,
				);
				PRODUCT_NAME = OrbiumHD;
				TARGETED_DEVICE_FAMILY = 2;
				WRAPPER_EXTENSION = app;
			};
			name = Debug;
		};
		80CC0E0614813B16002E7ED1 /* Release */ = {
			isa = XCBuildConfiguration;
			buildSettings = {
				ALWAYS_SEARCH_USER_PATHS = YES;
				COPY_PHASE_STRIP = YES;
				DEBUG_INFORMATION_FORMAT = "dwarf-with-dsym";
				FRAMEWORK_SEARCH_PATHS = /Users/Shared/PhoneGap/Frameworks;
				GCC_PRECOMPILE_PREFIX_HEADER = YES;
				GCC_PREFIX_HEADER = "Orbium/OrbiumHD-Prefix.pch";
				GCC_PREPROCESSOR_DEFINITIONS = "PHONEGAP_FRAMEWORK=YES";
				INFOPLIST_FILE = "Orbium/OrbiumHD-Info.plist";
				IPHONEOS_DEPLOYMENT_TARGET = 4.0;
				OTHER_LDFLAGS = (
					"-weak_framework",
					UIKit,
					"-weak_framework",
					AVFoundation,
					"-weak_framework",
					CoreMedia,
					"-weak_library",
					/usr/lib/libSystem.B.dylib,
				);
				PRODUCT_NAME = OrbiumHD;
				TARGETED_DEVICE_FAMILY = 2;
				VALIDATE_PRODUCT = YES;
				WRAPPER_EXTENSION = app;
			};
			name = Release;
		};
/* End XCBuildConfiguration section */

/* Begin XCConfigurationList section */
		80CC0DB114813B15002E7ED1 /* Build configuration list for PBXProject "OrbiumHD" */ = {
			isa = XCConfigurationList;
			buildConfigurations = (
				80CC0E0214813B16002E7ED1 /* Debug */,
				80CC0E0314813B16002E7ED1 /* Release */,
			);
			defaultConfigurationIsVisible = 0;
			defaultConfigurationName = Release;
		};
		80CC0E0414813B16002E7ED1 /* Build configuration list for PBXNativeTarget "OrbiumHD" */ = {
			isa = XCConfigurationList;
			buildConfigurations = (
				80CC0E0514813B16002E7ED1 /* Debug */,
				80CC0E0614813B16002E7ED1 /* Release */,
			);
			defaultConfigurationIsVisible = 0;
			defaultConfigurationName = Release;
		};
/* End XCConfigurationList section */
	};
	rootObject = 80CC0DAE14813B15002E7ED1 /* Project object */;
}
